
Microsoft Visual Studio Solution File, Format Version 12.00
# Visual Studio Version 16
VisualStudioVersion = 16.0.31005.135
MinimumVisualStudioVersion = 10.0.40219.1
Project("{FAE04EC0-301F-11D3-BF4B-00C04F79EFBC}") = "WebApplication15", "WebApplication15\WebApplication15.csproj", "{204CAED9-79B8-4FB6-926A-C138A3A32859}"
EndProject
Global
	GlobalSection(SolutionConfigurationPlatforms) = preSolution
		Debug|Any CPU = Debug|Any CPU
		Release|Any CPU = Release|Any CPU
	EndGlobalSection
	GlobalSection(ProjectConfigurationPlatforms) = postSolution
		{204CAED9-79B8-4FB6-926A-C138A3A32859}.Debug|Any CPU.ActiveCfg = Debug|Any CPU
		{204CAED9-79B8-4FB6-926A-C138A3A32859}.Debug|Any CPU.Build.0 = Debug|Any CPU
		{204CAED9-79B8-4FB6-926A-C138A3A32859}.Release|Any CPU.ActiveCfg = Release|Any CPU
		{204CAED9-79B8-4FB6-926A-C138A3A32859}.Release|Any CPU.Build.0 = Release|Any CPU
	EndGlobalSection
	GlobalSection(SolutionProperties) = preSolution
		HideSolutionNode = FALSE
	EndGlobalSection
	GlobalSection(ExtensibilityGlobals) = postSolution
		SolutionGuid = {696ADB8C-7BD5-4098-8C27-A2C7AD80145B}
	EndGlobalSection
EndGlobal
